// !$*UTF8*$!
{
	archiveVersion = 1;
	classes = {
	};
	objectVersion = 56;
	objects = {

/* Begin PBXBuildFile section */
		ECFCF5C729AD6F4800923EFB /* AppDelegate.swift in Sources */ = {isa = PBXBuildFile; fileRef = ECFCF5C629AD6F4800923EFB /* AppDelegate.swift */; };
		ECFCF5C929AD6F4800923EFB /* SceneDelegate.swift in Sources */ = {isa = PBXBuildFile; fileRef = ECFCF5C829AD6F4800923EFB /* SceneDelegate.swift */; };
		ECFCF5CE29AD6F4900923EFB /* Main.storyboard in Resources */ = {isa = PBXBuildFile; fileRef = ECFCF5CC29AD6F4800923EFB /* Main.storyboard */; };
		ECFCF5D029AD6F4A00923EFB /* Assets.xcassets in Resources */ = {isa = PBXBuildFile; fileRef = ECFCF5CF29AD6F4A00923EFB /* Assets.xcassets */; };
		ECFCF5D329AD6F4A00923EFB /* LaunchScreen.storyboard in Resources */ = {isa = PBXBuildFile; fileRef = ECFCF5D129AD6F4A00923EFB /* LaunchScreen.storyboard */; };
		ECFCF5DB29AD6F8000923EFB /* StartViewController.swift in Sources */ = {isa = PBXBuildFile; fileRef = ECFCF5DA29AD6F8000923EFB /* StartViewController.swift */; };
		ECFCF5DD29AD6F8C00923EFB /* LoginViewController.swift in Sources */ = {isa = PBXBuildFile; fileRef = ECFCF5DC29AD6F8C00923EFB /* LoginViewController.swift */; };
		ECFCF5DF29AD6FAA00923EFB /* SignupViewController.swift in Sources */ = {isa = PBXBuildFile; fileRef = ECFCF5DE29AD6FAA00923EFB /* SignupViewController.swift */; };
		ECFCF5E129AD6FB700923EFB /* HomeViewController.swift in Sources */ = {isa = PBXBuildFile; fileRef = ECFCF5E029AD6FB700923EFB /* HomeViewController.swift */; };
/* End PBXBuildFile section */

/* Begin PBXFileReference section */
		ECFCF5C329AD6F4800923EFB /* IamBusiness.app */ = {isa = PBXFileReference; explicitFileType = wrapper.application; includeInIndex = 0; path = IamBusiness.app; sourceTree = BUILT_PRODUCTS_DIR; };
		ECFCF5C629AD6F4800923EFB /* AppDelegate.swift */ = {isa = PBXFileReference; lastKnownFileType = sourcecode.swift; path = AppDelegate.swift; sourceTree = "<group>"; };
		ECFCF5C829AD6F4800923EFB /* SceneDelegate.swift */ = {isa = PBXFileReference; lastKnownFileType = sourcecode.swift; path = SceneDelegate.swift; sourceTree = "<group>"; };
		ECFCF5CD29AD6F4800923EFB /* Base */ = {isa = PBXFileReference; lastKnownFileType = file.storyboard; name = Base; path = Base.lproj/Main.storyboard; sourceTree = "<group>"; };
		ECFCF5CF29AD6F4A00923EFB /* Assets.xcassets */ = {isa = PBXFileReference; lastKnownFileType = folder.assetcatalog; path = Assets.xcassets; sourceTree = "<group>"; };
		ECFCF5D229AD6F4A00923EFB /* Base */ = {isa = PBXFileReference; lastKnownFileType = file.storyboard; name = Base; path = Base.lproj/LaunchScreen.storyboard; sourceTree = "<group>"; };
		ECFCF5D429AD6F4A00923EFB /* Info.plist */ = {isa = PBXFileReference; lastKnownFileType = text.plist.xml; path = Info.plist; sourceTree = "<group>"; };
		ECFCF5DA29AD6F8000923EFB /* StartViewController.swift */ = {isa = PBXFileReference; lastKnownFileType = sourcecode.swift; path = StartViewController.swift; sourceTree = "<group>"; };
		ECFCF5DC29AD6F8C00923EFB /* LoginViewController.swift */ = {isa = PBXFileReference; lastKnownFileType = sourcecode.swift; path = LoginViewController.swift; sourceTree = "<group>"; };
		ECFCF5DE29AD6FAA00923EFB /* SignupViewController.swift */ = {isa = PBXFileReference; lastKnownFileType = sourcecode.swift; path = SignupViewController.swift; sourceTree = "<group>"; };
		ECFCF5E029AD6FB700923EFB /* HomeViewController.swift */ = {isa = PBXFileReference; lastKnownFileType = sourcecode.swift; path = HomeViewController.swift; sourceTree = "<group>"; };
/* End PBXFileReference section */

/* Begin PBXFrameworksBuildPhase section */
		ECFCF5C029AD6F4800923EFB /* Frameworks */ = {
			isa = PBXFrameworksBuildPhase;
			buildActionMask = 2147483647;
			files = (
			);
			runOnlyForDeploymentPostprocessing = 0;
		};
/* End PBXFrameworksBuildPhase section */

/* Begin PBXGroup section */
		ECFCF5BA29AD6F4800923EFB = {
			isa = PBXGroup;
			children = (
				ECFCF5C529AD6F4800923EFB /* IamBusiness */,
				ECFCF5C429AD6F4800923EFB /* Products */,
			);
			sourceTree = "<group>";
		};
		ECFCF5C429AD6F4800923EFB /* Products */ = {
			isa = PBXGroup;
			children = (
				ECFCF5C329AD6F4800923EFB /* IamBusiness.app */,
			);
			name = Products;
			sourceTree = "<group>";
		};
		ECFCF5C529AD6F4800923EFB /* IamBusiness */ = {
			isa = PBXGroup;
			children = (
				ECFCF5C629AD6F4800923EFB /* AppDelegate.swift */,
				ECFCF5C829AD6F4800923EFB /* SceneDelegate.swift */,
				ECFCF5CC29AD6F4800923EFB /* Main.storyboard */,
				ECFCF5DA29AD6F8000923EFB /* StartViewController.swift */,
				ECFCF5DC29AD6F8C00923EFB /* LoginViewController.swift */,
				ECFCF5DE29AD6FAA00923EFB /* SignupViewController.swift */,
				ECFCF5E029AD6FB700923EFB /* HomeViewController.swift */,
				ECFCF5CF29AD6F4A00923EFB /* Assets.xcassets */,
				ECFCF5D129AD6F4A00923EFB /* LaunchScreen.storyboard */,
				ECFCF5D429AD6F4A00923EFB /* Info.plist */,
			);
			path = IamBusiness;
			sourceTree = "<group>";
		};
/* End PBXGroup section */

/* Begin PBXNativeTarget section */
		ECFCF5C229AD6F4800923EFB /* IamBusiness */ = {
			isa = PBXNativeTarget;
			buildConfigurationList = ECFCF5D729AD6F4A00923EFB /* Build configuration list for PBXNativeTarget "IamBusiness" */;
			buildPhases = (
				ECFCF5BF29AD6F4800923EFB /* Sources */,
				ECFCF5C029AD6F4800923EFB /* Frameworks */,
				ECFCF5C129AD6F4800923EFB /* Resources */,
			);
			buildRules = (
			);
			dependencies = (
			);
			name = IamBusiness;
			productName = IamBusiness;
			productReference = ECFCF5C329AD6F4800923EFB /* IamBusiness.app */;
			productType = "com.apple.product-type.application";
		};
/* End PBXNativeTarget section */

/* Begin PBXProject section */
		ECFCF5BB29AD6F4800923EFB /* Project object */ = {
			isa = PBXProject;
			attributes = {
				BuildIndependentTargetsInParallel = 1;
				LastSwiftUpdateCheck = 1410;
				LastUpgradeCheck = 1410;
				TargetAttributes = {
					ECFCF5C229AD6F4800923EFB = {
						CreatedOnToolsVersion = 14.1;
					};
				};
			};
			buildConfigurationList = ECFCF5BE29AD6F4800923EFB /* Build configuration list for PBXProject "IamBusiness" */;
			compatibilityVersion = "Xcode 14.0";
			developmentRegion = en;
			hasScannedForEncodings = 0;
			knownRegions = (
				en,
				Base,
			);
			mainGroup = ECFCF5BA29AD6F4800923EFB;
			productRefGroup = ECFCF5C429AD6F4800923EFB /* Products */;
			projectDirPath = "";
			projectRoot = "";
			targets = (
				ECFCF5C229AD6F4800923EFB /* IamBusiness */,
			);
		};
/* End PBXProject section */

/* Begin PBXResourcesBuildPhase section */
		ECFCF5C129AD6F4800923EFB /* Resources */ = {
			isa = PBXResourcesBuildPhase;
			buildActionMask = 2147483647;
			files = (
				ECFCF5D329AD6F4A00923EFB /* LaunchScreen.storyboard in Resources */,
				ECFCF5D029AD6F4A00923EFB /* Assets.xcassets in Resources */,
				ECFCF5CE29AD6F4900923EFB /* Main.storyboard in Resources */,
			);
			runOnlyForDeploymentPostprocessing = 0;
		};
/* End PBXResourcesBuildPhase section */

/* Begin PBXSourcesBuildPhase section */
		ECFCF5BF29AD6F4800923EFB /* Sources */ = {
			isa = PBXSourcesBuildPhase;
			buildActionMask = 2147483647;
			files = (
				ECFCF5DD29AD6F8C00923EFB /* LoginViewController.swift in Sources */,
				ECFCF5C729AD6F4800923EFB /* AppDelegate.swift in Sources */,
				ECFCF5DF29AD6FAA00923EFB /* SignupViewController.swift in Sources */,
				ECFCF5C929AD6F4800923EFB /* SceneDelegate.swift in Sources */,
				ECFCF5DB29AD6F8000923EFB /* StartViewController.swift in Sources */,
				ECFCF5E129AD6FB700923EFB /* HomeViewController.swift in Sources */,
			);
			runOnlyForDeploymentPostprocessing = 0;
		};
/* End PBXSourcesBuildPhase section */

/* Begin PBXVariantGroup section */
		ECFCF5CC29AD6F4800923EFB /* Main.storyboard */ = {
			isa = PBXVariantGroup;
			children = (
				ECFCF5CD29AD6F4800923EFB /* Base */,
			);
			name = Main.storyboard;
			sourceTree = "<group>";
		};
		ECFCF5D129AD6F4A00923EFB /* LaunchScreen.storyboard */ = {
			isa = PBXVariantGroup;
			children = (
				ECFCF5D229AD6F4A00923EFB /* Base */,
			);
			name = LaunchScreen.storyboard;
			sourceTree = "<group>";
		};
/* End PBXVariantGroup section */

/* Begin XCBuildConfiguration section */
		ECFCF5D529AD6F4A00923EFB /* Debug */ = {
			isa = XCBuildConfiguration;
			buildSettings = {
				ALWAYS_SEARCH_USER_PATHS = NO;
				CLANG_ANALYZER_NONNULL = YES;
				CLANG_ANALYZER_NUMBER_OBJECT_CONVERSION = YES_AGGRESSIVE;
				CLANG_CXX_LANGUAGE_STANDARD = "gnu++20";
				CLANG_ENABLE_MODULES = YES;
				CLANG_ENABLE_OBJC_ARC = YES;
				CLANG_ENABLE_OBJC_WEAK = YES;
				CLANG_WARN_BLOCK_CAPTURE_AUTORELEASING = YES;
				CLANG_WARN_BOOL_CONVERSION = YES;
				CLANG_WARN_COMMA = YES;
				CLANG_WARN_CONSTANT_CONVERSION = YES;
				CLANG_WARN_DEPRECATED_OBJC_IMPLEMENTATIONS = YES;
				CLANG_WARN_DIRECT_OBJC_ISA_USAGE = YES_ERROR;
				CLANG_WARN_DOCUMENTATION_COMMENTS = YES;
				CLANG_WARN_EMPTY_BODY = YES;
				CLANG_WARN_ENUM_CONVERSION = YES;
				CLANG_WARN_INFINITE_RECURSION = YES;
				CLANG_WARN_INT_CONVERSION = YES;
				CLANG_WARN_NON_LITERAL_NULL_CONVERSION = YES;
				CLANG_WARN_OBJC_IMPLICIT_RETAIN_SELF = YES;
				CLANG_WARN_OBJC_LITERAL_CONVERSION = YES;
				CLANG_WARN_OBJC_ROOT_CLASS = YES_ERROR;
				CLANG_WARN_QUOTED_INCLUDE_IN_FRAMEWORK_HEADER = YES;
				CLANG_WARN_RANGE_LOOP_ANALYSIS = YES;
				CLANG_WARN_STRICT_PROTOTYPES = YES;
				CLANG_WARN_SUSPICIOUS_MOVE = YES;
				CLANG_WARN_UNGUARDED_AVAILABILITY = YES_AGGRESSIVE;
				CLANG_WARN_UNREACHABLE_CODE = YES;
				CLANG_WARN__DUPLICATE_METHOD_MATCH = YES;
				COPY_PHASE_STRIP = NO;
				DEBUG_INFORMATION_FORMAT = dwarf;
				ENABLE_STRICT_OBJC_MSGSEND = YES;
				ENABLE_TESTABILITY = YES;
				GCC_C_LANGUAGE_STANDARD = gnu11;
				GCC_DYNAMIC_NO_PIC = NO;
				GCC_NO_COMMON_BLOCKS = YES;
				GCC_OPTIMIZATION_LEVEL = 0;
				GCC_PREPROCESSOR_DEFINITIONS = (
					"DEBUG=1",
					"$(inherited)",
				);
				GCC_WARN_64_TO_32_BIT_CONVERSION = YES;
				GCC_WARN_ABOUT_RETURN_TYPE = YES_ERROR;
				GCC_WARN_UNDECLARED_SELECTOR = YES;
				GCC_WARN_UNINITIALIZED_AUTOS = YES_AGGRESSIVE;
				GCC_WARN_UNUSED_FUNCTION = YES;
				GCC_WARN_UNUSED_VARIABLE = YES;
				IPHONEOS_DEPLOYMENT_TARGET = 16.1;
				MTL_ENABLE_DEBUG_INFO = INCLUDE_SOURCE;
				MTL_FAST_MATH = YES;
				ONLY_ACTIVE_ARCH = YES;
				SDKROOT = iphoneos;
				SWIFT_ACTIVE_COMPILATION_CONDITIONS = DEBUG;
				SWIFT_OPTIMIZATION_LEVEL = "-Onone";
			};
			name = Debug;
		};
		ECFCF5D629AD6F4A00923EFB /* Release */ = {
			isa = XCBuildConfiguration;
			buildSettings = {
				ALWAYS_SEARCH_USER_PATHS = NO;
				CLANG_ANALYZER_NONNULL = YES;
				CLANG_ANALYZER_NUMBER_OBJECT_CONVERSION = YES_AGGRESSIVE;
				CLANG_CXX_LANGUAGE_STANDARD = "gnu++20";
				CLANG_ENABLE_MODULES = YES;
				CLANG_ENABLE_OBJC_ARC = YES;
				CLANG_ENABLE_OBJC_WEAK = YES;
				CLANG_WARN_BLOCK_CAPTURE_AUTORELEASING = YES;
				CLANG_WARN_BOOL_CONVERSION = YES;
				CLANG_WARN_COMMA = YES;
				CLANG_WARN_CONSTANT_CONVERSION = YES;
				CLANG_WARN_DEPRECATED_OBJC_IMPLEMENTATIONS = YES;
				CLANG_WARN_DIRECT_OBJC_ISA_USAGE = YES_ERROR;
				CLANG_WARN_DOCUMENTATION_COMMENTS = YES;
				CLANG_WARN_EMPTY_BODY = YES;
				CLANG_WARN_ENUM_CONVERSION = YES;
				CLANG_WARN_INFINITE_RECURSION = YES;
				CLANG_WARN_INT_CONVERSION = YES;
				CLANG_WARN_NON_LITERAL_NULL_CONVERSION = YES;
				CLANG_WARN_OBJC_IMPLICIT_RETAIN_SELF = YES;
				CLANG_WARN_OBJC_LITERAL_CONVERSION = YES;
				CLANG_WARN_OBJC_ROOT_CLASS = YES_ERROR;
				CLANG_WARN_QUOTED_INCLUDE_IN_FRAMEWORK_HEADER = YES;
				CLANG_WARN_RANGE_LOOP_ANALYSIS = YES;
				CLANG_WARN_STRICT_PROTOTYPES = YES;
				CLANG_WARN_SUSPICIOUS_MOVE = YES;
				CLANG_WARN_UNGUARDED_AVAILABILITY = YES_AGGRESSIVE;
				CLANG_WARN_UNREACHABLE_CODE = YES;
				CLANG_WARN__DUPLICATE_METHOD_MATCH = YES;
				COPY_PHASE_STRIP = NO;
				DEBUG_INFORMATION_FORMAT = "dwarf-with-dsym";
				ENABLE_NS_ASSERTIONS = NO;
				ENABLE_STRICT_OBJC_MSGSEND = YES;
				GCC_C_LANGUAGE_STANDARD = gnu11;
				GCC_NO_COMMON_BLOCKS = YES;
				GCC_WARN_64_TO_32_BIT_CONVERSION = YES;
				GCC_WARN_ABOUT_RETURN_TYPE = YES_ERROR;
				GCC_WARN_UNDECLARED_SELECTOR = YES;
				GCC_WARN_UNINITIALIZED_AUTOS = YES_AGGRESSIVE;
				GCC_WARN_UNUSED_FUNCTION = YES;
				GCC_WARN_UNUSED_VARIABLE = YES;
				IPHONEOS_DEPLOYMENT_TARGET = 16.1;
				MTL_ENABLE_DEBUG_INFO = NO;
				MTL_FAST_MATH = YES;
				SDKROOT = iphoneos;
				SWIFT_COMPILATION_MODE = wholemodule;
				SWIFT_OPTIMIZATION_LEVEL = "-O";
				VALIDATE_PRODUCT = YES;
			};
			name = Release;
		};
		ECFCF5D829AD6F4A00923EFB /* Debug */ = {
			isa = XCBuildConfiguration;
			buildSettings = {
				ASSETCATALOG_COMPILER_APPICON_NAME = AppIcon;
				ASSETCATALOG_COMPILER_GLOBAL_ACCENT_COLOR_NAME = AccentColor;
				CODE_SIGN_STYLE = Automatic;
				CURRENT_PROJECT_VERSION = 1;
				DEVELOPMENT_TEAM = D6HM38X5FG;
				GENERATE_INFOPLIST_FILE = YES;
				INFOPLIST_FILE = IamBusiness/Info.plist;
				INFOPLIST_KEY_UIApplicationSupportsIndirectInputEvents = YES;
				INFOPLIST_KEY_UILaunchStoryboardName = LaunchScreen;
				INFOPLIST_KEY_UIMainStoryboardFile = Main;
				INFOPLIST_KEY_UISupportedInterfaceOrientations = UIInterfaceOrientationPortrait;
				LD_RUNPATH_SEARCH_PATHS = (
					"$(inherited)",
					"@executable_path/Frameworks",
				);
				MARKETING_VERSION = 1.0;
				PRODUCT_BUNDLE_IDENTIFIER = DanyloPechatkin.IamBusiness;
				PRODUCT_NAME = "$(TARGET_NAME)";
				SWIFT_EMIT_LOC_STRINGS = YES;
				SWIFT_VERSION = 5.0;
				TARGETED_DEVICE_FAMILY = "1,2";
			};
			name = Debug;
		};
		ECFCF5D929AD6F4A00923EFB /* Release */ = {
			isa = XCBuildConfiguration;
			buildSettings = {
				ASSETCATALOG_COMPILER_APPICON_NAME = AppIcon;
				ASSETCATALOG_COMPILER_GLOBAL_ACCENT_COLOR_NAME = AccentColor;
				CODE_SIGN_STYLE = Automatic;
				CURRENT_PROJECT_VERSION = 1;
				DEVELOPMENT_TEAM = D6HM38X5FG;
				GENERATE_INFOPLIST_FILE = YES;
				INFOPLIST_FILE = IamBusiness/Info.plist;
				INFOPLIST_KEY_UIApplicationSupportsIndirectInputEvents = YES;
				INFOPLIST_KEY_UILaunchStoryboardName = LaunchScreen;
				INFOPLIST_KEY_UIMainStoryboardFile = Main;
				INFOPLIST_KEY_UISupportedInterfaceOrientations = UIInterfaceOrientationPortrait;
				LD_RUNPATH_SEARCH_PATHS = (
					"$(inherited)",
					"@executable_path/Frameworks",
				);
				MARKETING_VERSION = 1.0;
				PRODUCT_BUNDLE_IDENTIFIER = DanyloPechatkin.IamBusiness;
				PRODUCT_NAME = "$(TARGET_NAME)";
				SWIFT_EMIT_LOC_STRINGS = YES;
				SWIFT_VERSION = 5.0;
				TARGETED_DEVICE_FAMILY = "1,2";
			};
			name = Release;
		};
/* End XCBuildConfiguration section */

/* Begin XCConfigurationList section */
		ECFCF5BE29AD6F4800923EFB /* Build configuration list for PBXProject "IamBusiness" */ = {
			isa = XCConfigurationList;
			buildConfigurations = (
				ECFCF5D529AD6F4A00923EFB /* Debug */,
				ECFCF5D629AD6F4A00923EFB /* Release */,
			);
			defaultConfigurationIsVisible = 0;
			defaultConfigurationName = Release;
		};
		ECFCF5D729AD6F4A00923EFB /* Build configuration list for PBXNativeTarget "IamBusiness" */ = {
			isa = XCConfigurationList;
			buildConfigurations = (
				ECFCF5D829AD6F4A00923EFB /* Debug */,
				ECFCF5D929AD6F4A00923EFB /* Release */,
			);
			defaultConfigurationIsVisible = 0;
			defaultConfigurationName = Release;
		};
/* End XCConfigurationList section */
	};
	rootObject = ECFCF5BB29AD6F4800923EFB /* Project object */;
}
